{
  "name": "FinalPjt",
  "lockfileVersion": 3,
  "requires": true,
  "packages": {
    "": {
      "dependencies": {
        "vue-flagpack": "^1.0.1"
      }
    },
    "node_modules/flagpack-core": {
      "version": "1.1.2",
      "resolved": "https://registry.npmjs.org/flagpack-core/-/flagpack-core-1.1.2.tgz",
      "integrity": "sha512-brm/LJf/xxiwRnjdThPsxaRZsbcN0fjPX4WMdKfuwJYOt3pdVw1pfP2dTBh743qqkw4CQzXTfEWjRDN0KvZ/qA=="
    },
    "node_modules/vue-flagpack": {
      "version": "1.0.1",
      "resolved": "https://registry.npmjs.org/vue-flagpack/-/vue-flagpack-1.0.1.tgz",
      "integrity": "sha512-i2yesg9U6nWN6/FD+/Tu3rb7c9G/ZK7IKGZ/pJfpQWPkfPv9+JUIWW5+zUqeoDy6Ejgq7GtXTW1c3Usxzx1pTw==",
      "dependencies": {
        "flagpack-core": "^1.0.0"
      }
    }
  }
}
